// !$*UTF8*$!
{
	archiveVersion = 1;
	classes = {
	};
	objectVersion = 46;
	objects = {

/* Begin PBXBuildFile section */
		3C01675C1D069CD700A13D3C /* feeList.xib in Resources */ = {isa = PBXBuildFile; fileRef = 3C01675B1D069CD700A13D3C /* feeList.xib */; };
		3C01675E1D069E3C00A13D3C /* FeeTableViewCell.swift in Sources */ = {isa = PBXBuildFile; fileRef = 3C01675D1D069E3C00A13D3C /* FeeTableViewCell.swift */; };
		3C6A8CE21CE59844001527FA /* AppDelegate.swift in Sources */ = {isa = PBXBuildFile; fileRef = 3C6A8CE11CE59844001527FA /* AppDelegate.swift */; };
		3C6A8CE41CE59844001527FA /* calcController.swift in Sources */ = {isa = PBXBuildFile; fileRef = 3C6A8CE31CE59844001527FA /* calcController.swift */; };
		3C6A8CE71CE59844001527FA /* Main.storyboard in Resources */ = {isa = PBXBuildFile; fileRef = 3C6A8CE51CE59844001527FA /* Main.storyboard */; };
		3C6A8CE91CE59844001527FA /* Assets.xcassets in Resources */ = {isa = PBXBuildFile; fileRef = 3C6A8CE81CE59844001527FA /* Assets.xcassets */; };
		3C6A8CEC1CE59844001527FA /* LaunchScreen.storyboard in Resources */ = {isa = PBXBuildFile; fileRef = 3C6A8CEA1CE59844001527FA /* LaunchScreen.storyboard */; };
		3C6A8CF71CE59844001527FA /* daitaiKakeiboTests.swift in Sources */ = {isa = PBXBuildFile; fileRef = 3C6A8CF61CE59844001527FA /* daitaiKakeiboTests.swift */; };
		3C6A8D021CE59844001527FA /* daitaiKakeiboUITests.swift in Sources */ = {isa = PBXBuildFile; fileRef = 3C6A8D011CE59844001527FA /* daitaiKakeiboUITests.swift */; };
		3C828FE41CF0009200E9C0DC /* setteiController.swift in Sources */ = {isa = PBXBuildFile; fileRef = 3C828FE31CF0009200E9C0DC /* setteiController.swift */; };
		3C828FE61CF0127A00E9C0DC /* howToUseController.swift in Sources */ = {isa = PBXBuildFile; fileRef = 3C828FE51CF0127A00E9C0DC /* howToUseController.swift */; };
		3C828FE81CF029FE00E9C0DC /* sendMailController.swift in Sources */ = {isa = PBXBuildFile; fileRef = 3C828FE71CF029FE00E9C0DC /* sendMailController.swift */; };
		3C828FEA1CF02AE800E9C0DC /* aboutAppController.swift in Sources */ = {isa = PBXBuildFile; fileRef = 3C828FE91CF02AE800E9C0DC /* aboutAppController.swift */; };
		3C828FEC1CF02BAF00E9C0DC /* eraseController.swift in Sources */ = {isa = PBXBuildFile; fileRef = 3C828FEB1CF02BAF00E9C0DC /* eraseController.swift */; };
		3C828FEE1CF0589300E9C0DC /* listController.swift in Sources */ = {isa = PBXBuildFile; fileRef = 3C828FED1CF0589300E9C0DC /* listController.swift */; };
		3C828FF01CF1892800E9C0DC /* QuartzCore.framework in Frameworks */ = {isa = PBXBuildFile; fileRef = 3C828FEF1CF1892800E9C0DC /* QuartzCore.framework */; };
		3CAA92191D08264300773514 /* FontAwesome.otf in Resources */ = {isa = PBXBuildFile; fileRef = 3CAA92181D08264300773514 /* FontAwesome.otf */; };
		3CE4629A1CF435EF00480502 /* daitaiKakeibo.xcdatamodeld in Sources */ = {isa = PBXBuildFile; fileRef = 3CE462981CF435EF00480502 /* daitaiKakeibo.xcdatamodeld */; };
		3CE4629D1CF43D5E00480502 /* AccountBook+CoreDataProperties.swift in Sources */ = {isa = PBXBuildFile; fileRef = 3CE4629B1CF43D5E00480502 /* AccountBook+CoreDataProperties.swift */; };
		3CE4629E1CF43D5E00480502 /* AccountBook.swift in Sources */ = {isa = PBXBuildFile; fileRef = 3CE4629C1CF43D5E00480502 /* AccountBook.swift */; };
		3CF39A0F1D0AA87A00EB7DDB /* page2.png in Resources */ = {isa = PBXBuildFile; fileRef = 3CF39A091D0AA87A00EB7DDB /* page2.png */; };
		3CF39A101D0AA87A00EB7DDB /* page4.png in Resources */ = {isa = PBXBuildFile; fileRef = 3CF39A0A1D0AA87A00EB7DDB /* page4.png */; };
		3CF39A181D0B90C500EB7DDB /* GoogleMobileAds.framework in Frameworks */ = {isa = PBXBuildFile; fileRef = 3CF39A171D0B90C500EB7DDB /* GoogleMobileAds.framework */; };
		3CF67D311D0D7796004050EE /* sendMail4SController.swift in Sources */ = {isa = PBXBuildFile; fileRef = 3CF67D301D0D7796004050EE /* sendMail4SController.swift */; };
		3CF67D331D0D77B9004050EE /* elase4SController.swift in Sources */ = {isa = PBXBuildFile; fileRef = 3CF67D321D0D77B9004050EE /* elase4SController.swift */; };
		3CF8E6281CFEFB7A006E65AA /* AdSupport.framework in Frameworks */ = {isa = PBXBuildFile; fileRef = 3CF8E6271CFEFB7A006E65AA /* AdSupport.framework */; };
		3CF8E62A1CFEFB91006E65AA /* AudioToolbox.framework in Frameworks */ = {isa = PBXBuildFile; fileRef = 3CF8E6291CFEFB91006E65AA /* AudioToolbox.framework */; };
		3CF8E62C1CFEFB9D006E65AA /* AVFoundation.framework in Frameworks */ = {isa = PBXBuildFile; fileRef = 3CF8E62B1CFEFB9D006E65AA /* AVFoundation.framework */; };
		3CF8E62E1CFEFBAD006E65AA /* CoreGraphics.framework in Frameworks */ = {isa = PBXBuildFile; fileRef = 3CF8E62D1CFEFBAD006E65AA /* CoreGraphics.framework */; };
		3CF8E6301CFEFBBA006E65AA /* CoreTelephony.framework in Frameworks */ = {isa = PBXBuildFile; fileRef = 3CF8E62F1CFEFBBA006E65AA /* CoreTelephony.framework */; };
		3CF8E6331CFEFBCB006E65AA /* EventKit.framework in Frameworks */ = {isa = PBXBuildFile; fileRef = 3CF8E6311CFEFBCB006E65AA /* EventKit.framework */; };
		3CF8E6341CFEFBCB006E65AA /* EventKitUI.framework in Frameworks */ = {isa = PBXBuildFile; fileRef = 3CF8E6321CFEFBCB006E65AA /* EventKitUI.framework */; };
		3CF8E6361CFEFBE2006E65AA /* MessageUI.framework in Frameworks */ = {isa = PBXBuildFile; fileRef = 3CF8E6351CFEFBE2006E65AA /* MessageUI.framework */; };
		3CF8E6381CFEFBEF006E65AA /* StoreKit.framework in Frameworks */ = {isa = PBXBuildFile; fileRef = 3CF8E6371CFEFBEF006E65AA /* StoreKit.framework */; };
		3CF8E63A1CFEFBFC006E65AA /* SystemConfiguration.framework in Frameworks */ = {isa = PBXBuildFile; fileRef = 3CF8E6391CFEFBFC006E65AA /* SystemConfiguration.framework */; };
		A4F37307AFD2DD4F4B6213EE /* Pods_daitaiKakeiboUITests.framework in Frameworks */ = {isa = PBXBuildFile; fileRef = B8FB3FB50B22CDA500AA0765 /* Pods_daitaiKakeiboUITests.framework */; };
		C6325063B1BDB19AFCC67277 /* Pods_daitaiKakeiboTests.framework in Frameworks */ = {isa = PBXBuildFile; fileRef = 9A2368BEF4A4AB6B4158809F /* Pods_daitaiKakeiboTests.framework */; };
		FC07904005A3CCB278E73D8A /* Pods_daitaiKakeibo.framework in Frameworks */ = {isa = PBXBuildFile; fileRef = EEC994BB62093E56577A27EA /* Pods_daitaiKakeibo.framework */; };
/* End PBXBuildFile section */

/* Begin PBXContainerItemProxy section */
		3C6A8CF31CE59844001527FA /* PBXContainerItemProxy */ = {
			isa = PBXContainerItemProxy;
			containerPortal = 3C6A8CD61CE59844001527FA /* Project object */;
			proxyType = 1;
			remoteGlobalIDString = 3C6A8CDD1CE59844001527FA;
			remoteInfo = daitaiKakeibo;
		};
		3C6A8CFE1CE59844001527FA /* PBXContainerItemProxy */ = {
			isa = PBXContainerItemProxy;
			containerPortal = 3C6A8CD61CE59844001527FA /* Project object */;
			proxyType = 1;
			remoteGlobalIDString = 3C6A8CDD1CE59844001527FA;
			remoteInfo = daitaiKakeibo;
		};
/* End PBXContainerItemProxy section */

/* Begin PBXFileReference section */
		1BA9EEBED5283A51A9A7734A /* Pods-daitaiKakeibo.debug.xcconfig */ = {isa = PBXFileReference; includeInIndex = 1; lastKnownFileType = text.xcconfig; name = "Pods-daitaiKakeibo.debug.xcconfig"; path = "Pods/Target Support Files/Pods-daitaiKakeibo/Pods-daitaiKakeibo.debug.xcconfig"; sourceTree = "<group>"; };
		2C1902258D5684E6C6FA051C /* Pods-daitaiKakeiboTests.debug.xcconfig */ = {isa = PBXFileReference; includeInIndex = 1; lastKnownFileType = text.xcconfig; name = "Pods-daitaiKakeiboTests.debug.xcconfig"; path = "Pods/Target Support Files/Pods-daitaiKakeiboTests/Pods-daitaiKakeiboTests.debug.xcconfig"; sourceTree = "<group>"; };
		3C01675B1D069CD700A13D3C /* feeList.xib */ = {isa = PBXFileReference; fileEncoding = 4; lastKnownFileType = file.xib; path = feeList.xib; sourceTree = "<group>"; };
		3C01675D1D069E3C00A13D3C /* FeeTableViewCell.swift */ = {isa = PBXFileReference; fileEncoding = 4; lastKnownFileType = sourcecode.swift; path = FeeTableViewCell.swift; sourceTree = "<group>"; };
		3C6A8CDE1CE59844001527FA /* daitaiKakeibo.app */ = {isa = PBXFileReference; explicitFileType = wrapper.application; includeInIndex = 0; path = daitaiKakeibo.app; sourceTree = BUILT_PRODUCTS_DIR; };
		3C6A8CE11CE59844001527FA /* AppDelegate.swift */ = {isa = PBXFileReference; lastKnownFileType = sourcecode.swift; path = AppDelegate.swift; sourceTree = "<group>"; };
		3C6A8CE31CE59844001527FA /* calcController.swift */ = {isa = PBXFileReference; lastKnownFileType = sourcecode.swift; path = calcController.swift; sourceTree = "<group>"; };
		3C6A8CE61CE59844001527FA /* Base */ = {isa = PBXFileReference; lastKnownFileType = file.storyboard; name = Base; path = Base.lproj/Main.storyboard; sourceTree = "<group>"; };
		3C6A8CE81CE59844001527FA /* Assets.xcassets */ = {isa = PBXFileReference; lastKnownFileType = folder.assetcatalog; path = Assets.xcassets; sourceTree = "<group>"; };
		3C6A8CEB1CE59844001527FA /* Base */ = {isa = PBXFileReference; lastKnownFileType = file.storyboard; name = Base; path = Base.lproj/LaunchScreen.storyboard; sourceTree = "<group>"; };
		3C6A8CED1CE59844001527FA /* Info.plist */ = {isa = PBXFileReference; lastKnownFileType = text.plist.xml; path = Info.plist; sourceTree = "<group>"; };
		3C6A8CF21CE59844001527FA /* daitaiKakeiboTests.xctest */ = {isa = PBXFileReference; explicitFileType = wrapper.cfbundle; includeInIndex = 0; path = daitaiKakeiboTests.xctest; sourceTree = BUILT_PRODUCTS_DIR; };
		3C6A8CF61CE59844001527FA /* daitaiKakeiboTests.swift */ = {isa = PBXFileReference; lastKnownFileType = sourcecode.swift; path = daitaiKakeiboTests.swift; sourceTree = "<group>"; };
		3C6A8CF81CE59844001527FA /* Info.plist */ = {isa = PBXFileReference; lastKnownFileType = text.plist.xml; path = Info.plist; sourceTree = "<group>"; };
		3C6A8CFD1CE59844001527FA /* daitaiKakeiboUITests.xctest */ = {isa = PBXFileReference; explicitFileType = wrapper.cfbundle; includeInIndex = 0; path = daitaiKakeiboUITests.xctest; sourceTree = BUILT_PRODUCTS_DIR; };
		3C6A8D011CE59844001527FA /* daitaiKakeiboUITests.swift */ = {isa = PBXFileReference; lastKnownFileType = sourcecode.swift; path = daitaiKakeiboUITests.swift; sourceTree = "<group>"; };
		3C6A8D031CE59844001527FA /* Info.plist */ = {isa = PBXFileReference; lastKnownFileType = text.plist.xml; path = Info.plist; sourceTree = "<group>"; };
		3C828FE31CF0009200E9C0DC /* setteiController.swift */ = {isa = PBXFileReference; fileEncoding = 4; lastKnownFileType = sourcecode.swift; path = setteiController.swift; sourceTree = "<group>"; };
		3C828FE51CF0127A00E9C0DC /* howToUseController.swift */ = {isa = PBXFileReference; fileEncoding = 4; lastKnownFileType = sourcecode.swift; path = howToUseController.swift; sourceTree = "<group>"; };
		3C828FE71CF029FE00E9C0DC /* sendMailController.swift */ = {isa = PBXFileReference; fileEncoding = 4; lastKnownFileType = sourcecode.swift; path = sendMailController.swift; sourceTree = "<group>"; };
		3C828FE91CF02AE800E9C0DC /* aboutAppController.swift */ = {isa = PBXFileReference; fileEncoding = 4; lastKnownFileType = sourcecode.swift; path = aboutAppController.swift; sourceTree = "<group>"; };
		3C828FEB1CF02BAF00E9C0DC /* eraseController.swift */ = {isa = PBXFileReference; fileEncoding = 4; lastKnownFileType = sourcecode.swift; path = eraseController.swift; sourceTree = "<group>"; };
		3C828FED1CF0589300E9C0DC /* listController.swift */ = {isa = PBXFileReference; fileEncoding = 4; lastKnownFileType = sourcecode.swift; path = listController.swift; sourceTree = "<group>"; };
		3C828FEF1CF1892800E9C0DC /* QuartzCore.framework */ = {isa = PBXFileReference; lastKnownFileType = wrapper.framework; name = QuartzCore.framework; path = System/Library/Frameworks/QuartzCore.framework; sourceTree = SDKROOT; };
		3C9189CA1D08054700D96C63 /* daitaiKakeiboTests-Bridging-Header.h */ = {isa = PBXFileReference; lastKnownFileType = sourcecode.c.h; path = "daitaiKakeiboTests-Bridging-Header.h"; sourceTree = "<group>"; };
		3C9189CB1D08054700D96C63 /* daitaiKakeiboUITests-Bridging-Header.h */ = {isa = PBXFileReference; lastKnownFileType = sourcecode.c.h; path = "daitaiKakeiboUITests-Bridging-Header.h"; sourceTree = "<group>"; };
		3C9189CC1D08058D00D96C63 /* daitaiKakeibo-Bridging-Header.h */ = {isa = PBXFileReference; lastKnownFileType = sourcecode.c.h; path = "daitaiKakeibo-Bridging-Header.h"; sourceTree = "<group>"; };
		3CAA92181D08264300773514 /* FontAwesome.otf */ = {isa = PBXFileReference; lastKnownFileType = file; name = FontAwesome.otf; path = Pods/FontAwesomeKit/FontAwesomeKit/FontAwesome.otf; sourceTree = "<group>"; };
		3CE462991CF435EF00480502 /* daitaiKakeibo.xcdatamodel */ = {isa = PBXFileReference; lastKnownFileType = wrapper.xcdatamodel; path = daitaiKakeibo.xcdatamodel; sourceTree = "<group>"; };
		3CE4629B1CF43D5E00480502 /* AccountBook+CoreDataProperties.swift */ = {isa = PBXFileReference; fileEncoding = 4; lastKnownFileType = sourcecode.swift; path = "AccountBook+CoreDataProperties.swift"; sourceTree = "<group>"; };
		3CE4629C1CF43D5E00480502 /* AccountBook.swift */ = {isa = PBXFileReference; fileEncoding = 4; lastKnownFileType = sourcecode.swift; path = AccountBook.swift; sourceTree = "<group>"; };
		3CF39A091D0AA87A00EB7DDB /* page2.png */ = {isa = PBXFileReference; lastKnownFileType = image.png; path = page2.png; sourceTree = "<group>"; };
		3CF39A0A1D0AA87A00EB7DDB /* page4.png */ = {isa = PBXFileReference; lastKnownFileType = image.png; path = page4.png; sourceTree = "<group>"; };
		3CF39A171D0B90C500EB7DDB /* GoogleMobileAds.framework */ = {isa = PBXFileReference; lastKnownFileType = wrapper.framework; path = GoogleMobileAds.framework; sourceTree = "<group>"; };
		3CF67D301D0D7796004050EE /* sendMail4SController.swift */ = {isa = PBXFileReference; fileEncoding = 4; lastKnownFileType = sourcecode.swift; path = sendMail4SController.swift; sourceTree = "<group>"; };
		3CF67D321D0D77B9004050EE /* elase4SController.swift */ = {isa = PBXFileReference; fileEncoding = 4; lastKnownFileType = sourcecode.swift; path = elase4SController.swift; sourceTree = "<group>"; };
		3CF8E6271CFEFB7A006E65AA /* AdSupport.framework */ = {isa = PBXFileReference; lastKnownFileType = wrapper.framework; name = AdSupport.framework; path = System/Library/Frameworks/AdSupport.framework; sourceTree = SDKROOT; };
		3CF8E6291CFEFB91006E65AA /* AudioToolbox.framework */ = {isa = PBXFileReference; lastKnownFileType = wrapper.framework; name = AudioToolbox.framework; path = System/Library/Frameworks/AudioToolbox.framework; sourceTree = SDKROOT; };
		3CF8E62B1CFEFB9D006E65AA /* AVFoundation.framework */ = {isa = PBXFileReference; lastKnownFileType = wrapper.framework; name = AVFoundation.framework; path = System/Library/Frameworks/AVFoundation.framework; sourceTree = SDKROOT; };
		3CF8E62D1CFEFBAD006E65AA /* CoreGraphics.framework */ = {isa = PBXFileReference; lastKnownFileType = wrapper.framework; name = CoreGraphics.framework; path = System/Library/Frameworks/CoreGraphics.framework; sourceTree = SDKROOT; };
		3CF8E62F1CFEFBBA006E65AA /* CoreTelephony.framework */ = {isa = PBXFileReference; lastKnownFileType = wrapper.framework; name = CoreTelephony.framework; path = System/Library/Frameworks/CoreTelephony.framework; sourceTree = SDKROOT; };
		3CF8E6311CFEFBCB006E65AA /* EventKit.framework */ = {isa = PBXFileReference; lastKnownFileType = wrapper.framework; name = EventKit.framework; path = System/Library/Frameworks/EventKit.framework; sourceTree = SDKROOT; };
		3CF8E6321CFEFBCB006E65AA /* EventKitUI.framework */ = {isa = PBXFileReference; lastKnownFileType = wrapper.framework; name = EventKitUI.framework; path = System/Library/Frameworks/EventKitUI.framework; sourceTree = SDKROOT; };
		3CF8E6351CFEFBE2006E65AA /* MessageUI.framework */ = {isa = PBXFileReference; lastKnownFileType = wrapper.framework; name = MessageUI.framework; path = System/Library/Frameworks/MessageUI.framework; sourceTree = SDKROOT; };
		3CF8E6371CFEFBEF006E65AA /* StoreKit.framework */ = {isa = PBXFileReference; lastKnownFileType = wrapper.framework; name = StoreKit.framework; path = System/Library/Frameworks/StoreKit.framework; sourceTree = SDKROOT; };
		3CF8E6391CFEFBFC006E65AA /* SystemConfiguration.framework */ = {isa = PBXFileReference; lastKnownFileType = wrapper.framework; name = SystemConfiguration.framework; path = System/Library/Frameworks/SystemConfiguration.framework; sourceTree = SDKROOT; };
		3D1995100CBF3EAC6D0EFA42 /* Pods-daitaiKakeiboTests.release.xcconfig */ = {isa = PBXFileReference; includeInIndex = 1; lastKnownFileType = text.xcconfig; name = "Pods-daitaiKakeiboTests.release.xcconfig"; path = "Pods/Target Support Files/Pods-daitaiKakeiboTests/Pods-daitaiKakeiboTests.release.xcconfig"; sourceTree = "<group>"; };
		5ED5FE08DB2A7CAEE9D974E0 /* Pods-daitaiKakeiboUITests.release.xcconfig */ = {isa = PBXFileReference; includeInIndex = 1; lastKnownFileType = text.xcconfig; name = "Pods-daitaiKakeiboUITests.release.xcconfig"; path = "Pods/Target Support Files/Pods-daitaiKakeiboUITests/Pods-daitaiKakeiboUITests.release.xcconfig"; sourceTree = "<group>"; };
		9A2368BEF4A4AB6B4158809F /* Pods_daitaiKakeiboTests.framework */ = {isa = PBXFileReference; explicitFileType = wrapper.framework; includeInIndex = 0; path = Pods_daitaiKakeiboTests.framework; sourceTree = BUILT_PRODUCTS_DIR; };
		B8FB3FB50B22CDA500AA0765 /* Pods_daitaiKakeiboUITests.framework */ = {isa = PBXFileReference; explicitFileType = wrapper.framework; includeInIndex = 0; path = Pods_daitaiKakeiboUITests.framework; sourceTree = BUILT_PRODUCTS_DIR; };
		D2BEB3B7AF26F0A148536715 /* Pods-daitaiKakeiboUITests.debug.xcconfig */ = {isa = PBXFileReference; includeInIndex = 1; lastKnownFileType = text.xcconfig; name = "Pods-daitaiKakeiboUITests.debug.xcconfig"; path = "Pods/Target Support Files/Pods-daitaiKakeiboUITests/Pods-daitaiKakeiboUITests.debug.xcconfig"; sourceTree = "<group>"; };
		EEC994BB62093E56577A27EA /* Pods_daitaiKakeibo.framework */ = {isa = PBXFileReference; explicitFileType = wrapper.framework; includeInIndex = 0; path = Pods_daitaiKakeibo.framework; sourceTree = BUILT_PRODUCTS_DIR; };
		F1E4FCC54889391B160EA7CF /* Pods-daitaiKakeibo.release.xcconfig */ = {isa = PBXFileReference; includeInIndex = 1; lastKnownFileType = text.xcconfig; name = "Pods-daitaiKakeibo.release.xcconfig"; path = "Pods/Target Support Files/Pods-daitaiKakeibo/Pods-daitaiKakeibo.release.xcconfig"; sourceTree = "<group>"; };
/* End PBXFileReference section */

/* Begin PBXFrameworksBuildPhase section */
		3C6A8CDB1CE59844001527FA /* Frameworks */ = {
			isa = PBXFrameworksBuildPhase;
			buildActionMask = 2147483647;
			files = (
				3CF8E63A1CFEFBFC006E65AA /* SystemConfiguration.framework in Frameworks */,
				3CF8E6381CFEFBEF006E65AA /* StoreKit.framework in Frameworks */,
				3CF39A181D0B90C500EB7DDB /* GoogleMobileAds.framework in Frameworks */,
				3CF8E6361CFEFBE2006E65AA /* MessageUI.framework in Frameworks */,
				3CF8E6341CFEFBCB006E65AA /* EventKitUI.framework in Frameworks */,
				3CF8E6331CFEFBCB006E65AA /* EventKit.framework in Frameworks */,
				3CF8E6301CFEFBBA006E65AA /* CoreTelephony.framework in Frameworks */,
				3CF8E62E1CFEFBAD006E65AA /* CoreGraphics.framework in Frameworks */,
				3CF8E62C1CFEFB9D006E65AA /* AVFoundation.framework in Frameworks */,
				3CF8E62A1CFEFB91006E65AA /* AudioToolbox.framework in Frameworks */,
				3CF8E6281CFEFB7A006E65AA /* AdSupport.framework in Frameworks */,
				3C828FF01CF1892800E9C0DC /* QuartzCore.framework in Frameworks */,
				FC07904005A3CCB278E73D8A /* Pods_daitaiKakeibo.framework in Frameworks */,
			);
			runOnlyForDeploymentPostprocessing = 0;
		};
		3C6A8CEF1CE59844001527FA /* Frameworks */ = {
			isa = PBXFrameworksBuildPhase;
			buildActionMask = 2147483647;
			files = (
				C6325063B1BDB19AFCC67277 /* Pods_daitaiKakeiboTests.framework in Frameworks */,
			);
			runOnlyForDeploymentPostprocessing = 0;
		};
		3C6A8CFA1CE59844001527FA /* Frameworks */ = {
			isa = PBXFrameworksBuildPhase;
			buildActionMask = 2147483647;
			files = (
				A4F37307AFD2DD4F4B6213EE /* Pods_daitaiKakeiboUITests.framework in Frameworks */,
			);
			runOnlyForDeploymentPostprocessing = 0;
		};
/* End PBXFrameworksBuildPhase section */

/* Begin PBXGroup section */
		3C6A8CD51CE59844001527FA = {
			isa = PBXGroup;
			children = (
				3CAA92181D08264300773514 /* FontAwesome.otf */,
				3C6A8CE01CE59844001527FA /* daitaiKakeibo */,
				3C6A8CDF1CE59844001527FA /* Products */,
				3C6A8D001CE59844001527FA /* daitaiKakeiboUITests */,
				3C6A8CF51CE59844001527FA /* daitaiKakeiboTests */,
				3CF8E6391CFEFBFC006E65AA /* SystemConfiguration.framework */,
				3CF8E6371CFEFBEF006E65AA /* StoreKit.framework */,
				3CF8E6351CFEFBE2006E65AA /* MessageUI.framework */,
				3CF8E6311CFEFBCB006E65AA /* EventKit.framework */,
				3CF8E6321CFEFBCB006E65AA /* EventKitUI.framework */,
				3CF8E62F1CFEFBBA006E65AA /* CoreTelephony.framework */,
				3CF8E62D1CFEFBAD006E65AA /* CoreGraphics.framework */,
				3CF8E62B1CFEFB9D006E65AA /* AVFoundation.framework */,
				3CF8E6291CFEFB91006E65AA /* AudioToolbox.framework */,
				3CF8E6271CFEFB7A006E65AA /* AdSupport.framework */,
				3C828FEF1CF1892800E9C0DC /* QuartzCore.framework */,
				8147DDC8FDF1AF441478E920 /* Pods */,
				CC8CAB6EA9CDB38F35D17513 /* Frameworks */,
			);
			sourceTree = "<group>";
		};
		3C6A8CDF1CE59844001527FA /* Products */ = {
			isa = PBXGroup;
			children = (
				3C6A8CDE1CE59844001527FA /* daitaiKakeibo.app */,
				3C6A8CF21CE59844001527FA /* daitaiKakeiboTests.xctest */,
				3C6A8CFD1CE59844001527FA /* daitaiKakeiboUITests.xctest */,
			);
			name = Products;
			sourceTree = "<group>";
		};
		3C6A8CE01CE59844001527FA /* daitaiKakeibo */ = {
			isa = PBXGroup;
			children = (
				3C6A8CE11CE59844001527FA /* AppDelegate.swift */,
				3C6A8CE31CE59844001527FA /* calcController.swift */,
				3C828FE31CF0009200E9C0DC /* setteiController.swift */,
				3C828FE91CF02AE800E9C0DC /* aboutAppController.swift */,
				3C828FE51CF0127A00E9C0DC /* howToUseController.swift */,
				3C828FE71CF029FE00E9C0DC /* sendMailController.swift */,
				3CF67D301D0D7796004050EE /* sendMail4SController.swift */,
				3C828FEB1CF02BAF00E9C0DC /* eraseController.swift */,
				3CF67D321D0D77B9004050EE /* elase4SController.swift */,
				3C828FED1CF0589300E9C0DC /* listController.swift */,
				3C6A8CE51CE59844001527FA /* Main.storyboard */,
				3C01675D1D069E3C00A13D3C /* FeeTableViewCell.swift */,
				3C01675B1D069CD700A13D3C /* feeList.xib */,
				3CE4629B1CF43D5E00480502 /* AccountBook+CoreDataProperties.swift */,
				3CE4629C1CF43D5E00480502 /* AccountBook.swift */,
				3C6A8CEA1CE59844001527FA /* LaunchScreen.storyboard */,
				3CF39A091D0AA87A00EB7DDB /* page2.png */,
				3CF39A0A1D0AA87A00EB7DDB /* page4.png */,
				3C6A8CE81CE59844001527FA /* Assets.xcassets */,
				3C6A8CED1CE59844001527FA /* Info.plist */,
				3CE462981CF435EF00480502 /* daitaiKakeibo.xcdatamodeld */,
				3C9189CC1D08058D00D96C63 /* daitaiKakeibo-Bridging-Header.h */,
				3C9189CA1D08054700D96C63 /* daitaiKakeiboTests-Bridging-Header.h */,
				3C9189CB1D08054700D96C63 /* daitaiKakeiboUITests-Bridging-Header.h */,
				3CF39A171D0B90C500EB7DDB /* GoogleMobileAds.framework */,
			);
			path = daitaiKakeibo;
			sourceTree = "<group>";
		};
		3C6A8CF51CE59844001527FA /* daitaiKakeiboTests */ = {
			isa = PBXGroup;
			children = (
				3C6A8CF61CE59844001527FA /* daitaiKakeiboTests.swift */,
				3C6A8CF81CE59844001527FA /* Info.plist */,
			);
			path = daitaiKakeiboTests;
			sourceTree = SOURCE_ROOT;
		};
		3C6A8D001CE59844001527FA /* daitaiKakeiboUITests */ = {
			isa = PBXGroup;
			children = (
				3C6A8D011CE59844001527FA /* daitaiKakeiboUITests.swift */,
				3C6A8D031CE59844001527FA /* Info.plist */,
			);
			path = daitaiKakeiboUITests;
			sourceTree = "<group>";
		};
		8147DDC8FDF1AF441478E920 /* Pods */ = {
			isa = PBXGroup;
			children = (
				1BA9EEBED5283A51A9A7734A /* Pods-daitaiKakeibo.debug.xcconfig */,
				F1E4FCC54889391B160EA7CF /* Pods-daitaiKakeibo.release.xcconfig */,
				2C1902258D5684E6C6FA051C /* Pods-daitaiKakeiboTests.debug.xcconfig */,
				3D1995100CBF3EAC6D0EFA42 /* Pods-daitaiKakeiboTests.release.xcconfig */,
				D2BEB3B7AF26F0A148536715 /* Pods-daitaiKakeiboUITests.debug.xcconfig */,
				5ED5FE08DB2A7CAEE9D974E0 /* Pods-daitaiKakeiboUITests.release.xcconfig */,
			);
			name = Pods;
			sourceTree = "<group>";
		};
		CC8CAB6EA9CDB38F35D17513 /* Frameworks */ = {
			isa = PBXGroup;
			children = (
				EEC994BB62093E56577A27EA /* Pods_daitaiKakeibo.framework */,
				9A2368BEF4A4AB6B4158809F /* Pods_daitaiKakeiboTests.framework */,
				B8FB3FB50B22CDA500AA0765 /* Pods_daitaiKakeiboUITests.framework */,
			);
			name = Frameworks;
			sourceTree = "<group>";
		};
/* End PBXGroup section */

/* Begin PBXNativeTarget section */
		3C6A8CDD1CE59844001527FA /* daitaiKakeibo */ = {
			isa = PBXNativeTarget;
			buildConfigurationList = 3C6A8D061CE59844001527FA /* Build configuration list for PBXNativeTarget "daitaiKakeibo" */;
			buildPhases = (
				1B3F16E15BFA25BB56A3B047 /* 📦 Check Pods Manifest.lock */,
				3C6A8CDA1CE59844001527FA /* Sources */,
				3C6A8CDB1CE59844001527FA /* Frameworks */,
				3C6A8CDC1CE59844001527FA /* Resources */,
				45A5B0BD1151265411DE4F09 /* 📦 Embed Pods Frameworks */,
				3953AD01EC531F45948F3B77 /* 📦 Copy Pods Resources */,
			);
			buildRules = (
			);
			dependencies = (
			);
			name = daitaiKakeibo;
			productName = daitaiKakeibo;
			productReference = 3C6A8CDE1CE59844001527FA /* daitaiKakeibo.app */;
			productType = "com.apple.product-type.application";
		};
		3C6A8CF11CE59844001527FA /* daitaiKakeiboTests */ = {
			isa = PBXNativeTarget;
			buildConfigurationList = 3C6A8D091CE59844001527FA /* Build configuration list for PBXNativeTarget "daitaiKakeiboTests" */;
			buildPhases = (
				7033545DAF1FEB77D4F18C7A /* 📦 Check Pods Manifest.lock */,
				3C6A8CEE1CE59844001527FA /* Sources */,
				3C6A8CEF1CE59844001527FA /* Frameworks */,
				3C6A8CF01CE59844001527FA /* Resources */,
				C8E607D7BC7F45606033B6A6 /* 📦 Embed Pods Frameworks */,
				809EBAABF8AFBD2FCE2F750A /* 📦 Copy Pods Resources */,
			);
			buildRules = (
			);
			dependencies = (
				3C6A8CF41CE59844001527FA /* PBXTargetDependency */,
			);
			name = daitaiKakeiboTests;
			productName = daitaiKakeiboTests;
			productReference = 3C6A8CF21CE59844001527FA /* daitaiKakeiboTests.xctest */;
			productType = "com.apple.product-type.bundle.unit-test";
		};
		3C6A8CFC1CE59844001527FA /* daitaiKakeiboUITests */ = {
			isa = PBXNativeTarget;
			buildConfigurationList = 3C6A8D0C1CE59844001527FA /* Build configuration list for PBXNativeTarget "daitaiKakeiboUITests" */;
			buildPhases = (
				01513088F391C23B8728AA2C /* 📦 Check Pods Manifest.lock */,
				3C6A8CF91CE59844001527FA /* Sources */,
				3C6A8CFA1CE59844001527FA /* Frameworks */,
				3C6A8CFB1CE59844001527FA /* Resources */,
				B9091324077BBDC6B8F24303 /* 📦 Copy Pods Resources */,
			);
			buildRules = (
			);
			dependencies = (
				3C6A8CFF1CE59844001527FA /* PBXTargetDependency */,
			);
			name = daitaiKakeiboUITests;
			productName = daitaiKakeiboUITests;
			productReference = 3C6A8CFD1CE59844001527FA /* daitaiKakeiboUITests.xctest */;
			productType = "com.apple.product-type.bundle.ui-testing";
		};
/* End PBXNativeTarget section */

/* Begin PBXProject section */
		3C6A8CD61CE59844001527FA /* Project object */ = {
			isa = PBXProject;
			attributes = {
				LastSwiftUpdateCheck = 0720;
				LastUpgradeCheck = 0720;
				ORGANIZATIONNAME = satoshiii;
				TargetAttributes = {
					3C6A8CDD1CE59844001527FA = {
						CreatedOnToolsVersion = 7.2.1;
						DevelopmentTeam = Y63B3HU65B;
						LastSwiftMigration = 0940;
					};
					3C6A8CF11CE59844001527FA = {
						CreatedOnToolsVersion = 7.2.1;
						DevelopmentTeam = 445HFT775Z;
						LastSwiftMigration = 0940;
						TestTargetID = 3C6A8CDD1CE59844001527FA;
					};
					3C6A8CFC1CE59844001527FA = {
						CreatedOnToolsVersion = 7.2.1;
						DevelopmentTeam = 445HFT775Z;
						LastSwiftMigration = 0940;
						TestTargetID = 3C6A8CDD1CE59844001527FA;
					};
				};
			};
			buildConfigurationList = 3C6A8CD91CE59844001527FA /* Build configuration list for PBXProject "daitaiKakeibo" */;
			compatibilityVersion = "Xcode 3.2";
			developmentRegion = English;
			hasScannedForEncodings = 0;
			knownRegions = (
				en,
				Base,
			);
			mainGroup = 3C6A8CD51CE59844001527FA;
			productRefGroup = 3C6A8CDF1CE59844001527FA /* Products */;
			projectDirPath = "";
			projectRoot = "";
			targets = (
				3C6A8CDD1CE59844001527FA /* daitaiKakeibo */,
				3C6A8CF11CE59844001527FA /* daitaiKakeiboTests */,
				3C6A8CFC1CE59844001527FA /* daitaiKakeiboUITests */,
			);
		};
/* End PBXProject section */

/* Begin PBXResourcesBuildPhase section */
		3C6A8CDC1CE59844001527FA /* Resources */ = {
			isa = PBXResourcesBuildPhase;
			buildActionMask = 2147483647;
			files = (
				3CAA92191D08264300773514 /* FontAwesome.otf in Resources */,
				3C01675C1D069CD700A13D3C /* feeList.xib in Resources */,
				3C6A8CEC1CE59844001527FA /* LaunchScreen.storyboard in Resources */,
				3CF39A101D0AA87A00EB7DDB /* page4.png in Resources */,
				3CF39A0F1D0AA87A00EB7DDB /* page2.png in Resources */,
				3C6A8CE91CE59844001527FA /* Assets.xcassets in Resources */,
				3C6A8CE71CE59844001527FA /* Main.storyboard in Resources */,
			);
			runOnlyForDeploymentPostprocessing = 0;
		};
		3C6A8CF01CE59844001527FA /* Resources */ = {
			isa = PBXResourcesBuildPhase;
			buildActionMask = 2147483647;
			files = (
			);
			runOnlyForDeploymentPostprocessing = 0;
		};
		3C6A8CFB1CE59844001527FA /* Resources */ = {
			isa = PBXResourcesBuildPhase;
			buildActionMask = 2147483647;
			files = (
			);
			runOnlyForDeploymentPostprocessing = 0;
		};
/* End PBXResourcesBuildPhase section */

/* Begin PBXShellScriptBuildPhase section */
		01513088F391C23B8728AA2C /* 📦 Check Pods Manifest.lock */ = {
			isa = PBXShellScriptBuildPhase;
			buildActionMask = 2147483647;
			files = (
			);
			inputPaths = (
			);
			name = "📦 Check Pods Manifest.lock";
			outputPaths = (
			);
			runOnlyForDeploymentPostprocessing = 0;
			shellPath = /bin/sh;
			shellScript = "diff \"${PODS_ROOT}/../Podfile.lock\" \"${PODS_ROOT}/Manifest.lock\" > /dev/null\nif [[ $? != 0 ]] ; then\n    cat << EOM\nerror: The sandbox is not in sync with the Podfile.lock. Run 'pod install' or update your CocoaPods installation.\nEOM\n    exit 1\nfi\n";
			showEnvVarsInLog = 0;
		};
		1B3F16E15BFA25BB56A3B047 /* 📦 Check Pods Manifest.lock */ = {
			isa = PBXShellScriptBuildPhase;
			buildActionMask = 2147483647;
			files = (
			);
			inputPaths = (
			);
			name = "📦 Check Pods Manifest.lock";
			outputPaths = (
			);
			runOnlyForDeploymentPostprocessing = 0;
			shellPath = /bin/sh;
			shellScript = "diff \"${PODS_ROOT}/../Podfile.lock\" \"${PODS_ROOT}/Manifest.lock\" > /dev/null\nif [[ $? != 0 ]] ; then\n    cat << EOM\nerror: The sandbox is not in sync with the Podfile.lock. Run 'pod install' or update your CocoaPods installation.\nEOM\n    exit 1\nfi\n";
			showEnvVarsInLog = 0;
		};
		3953AD01EC531F45948F3B77 /* 📦 Copy Pods Resources */ = {
			isa = PBXShellScriptBuildPhase;
			buildActionMask = 2147483647;
			files = (
			);
			inputPaths = (
			);
			name = "📦 Copy Pods Resources";
			outputPaths = (
			);
			runOnlyForDeploymentPostprocessing = 0;
			shellPath = /bin/sh;
			shellScript = "\"${SRCROOT}/Pods/Target Support Files/Pods-daitaiKakeibo/Pods-daitaiKakeibo-resources.sh\"\n";
			showEnvVarsInLog = 0;
		};
		45A5B0BD1151265411DE4F09 /* 📦 Embed Pods Frameworks */ = {
			isa = PBXShellScriptBuildPhase;
			buildActionMask = 2147483647;
			files = (
			);
			inputPaths = (
			);
			name = "📦 Embed Pods Frameworks";
			outputPaths = (
			);
			runOnlyForDeploymentPostprocessing = 0;
			shellPath = /bin/sh;
			shellScript = "\"${SRCROOT}/Pods/Target Support Files/Pods-daitaiKakeibo/Pods-daitaiKakeibo-frameworks.sh\"\n";
			showEnvVarsInLog = 0;
		};
		7033545DAF1FEB77D4F18C7A /* 📦 Check Pods Manifest.lock */ = {
			isa = PBXShellScriptBuildPhase;
			buildActionMask = 2147483647;
			files = (
			);
			inputPaths = (
			);
			name = "📦 Check Pods Manifest.lock";
			outputPaths = (
			);
			runOnlyForDeploymentPostprocessing = 0;
			shellPath = /bin/sh;
			shellScript = "diff \"${PODS_ROOT}/../Podfile.lock\" \"${PODS_ROOT}/Manifest.lock\" > /dev/null\nif [[ $? != 0 ]] ; then\n    cat << EOM\nerror: The sandbox is not in sync with the Podfile.lock. Run 'pod install' or update your CocoaPods installation.\nEOM\n    exit 1\nfi\n";
			showEnvVarsInLog = 0;
		};
		809EBAABF8AFBD2FCE2F750A /* 📦 Copy Pods Resources */ = {
			isa = PBXShellScriptBuildPhase;
			buildActionMask = 2147483647;
			files = (
			);
			inputPaths = (
			);
			name = "📦 Copy Pods Resources";
			outputPaths = (
			);
			runOnlyForDeploymentPostprocessing = 0;
			shellPath = /bin/sh;
			shellScript = "\"${SRCROOT}/Pods/Target Support Files/Pods-daitaiKakeiboTests/Pods-daitaiKakeiboTests-resources.sh\"\n";
			showEnvVarsInLog = 0;
		};
		B9091324077BBDC6B8F24303 /* 📦 Copy Pods Resources */ = {
			isa = PBXShellScriptBuildPhase;
			buildActionMask = 2147483647;
			files = (
			);
			inputPaths = (
			);
			name = "📦 Copy Pods Resources";
			outputPaths = (
			);
			runOnlyForDeploymentPostprocessing = 0;
			shellPath = /bin/sh;
			shellScript = "\"${SRCROOT}/Pods/Target Support Files/Pods-daitaiKakeiboUITests/Pods-daitaiKakeiboUITests-resources.sh\"\n";
			showEnvVarsInLog = 0;
		};
		C8E607D7BC7F45606033B6A6 /* 📦 Embed Pods Frameworks */ = {
			isa = PBXShellScriptBuildPhase;
			buildActionMask = 2147483647;
			files = (
			);
			inputPaths = (
			);
			name = "📦 Embed Pods Frameworks";
			outputPaths = (
			);
			runOnlyForDeploymentPostprocessing = 0;
			shellPath = /bin/sh;
			shellScript = "\"${SRCROOT}/Pods/Target Support Files/Pods-daitaiKakeiboTests/Pods-daitaiKakeiboTests-frameworks.sh\"\n";
			showEnvVarsInLog = 0;
		};
/* End PBXShellScriptBuildPhase section */

/* Begin PBXSourcesBuildPhase section */
		3C6A8CDA1CE59844001527FA /* Sources */ = {
			isa = PBXSourcesBuildPhase;
			buildActionMask = 2147483647;
			files = (
				3C6A8CE41CE59844001527FA /* calcController.swift in Sources */,
				3CE4629E1CF43D5E00480502 /* AccountBook.swift in Sources */,
				3C828FEA1CF02AE800E9C0DC /* aboutAppController.swift in Sources */,
				3CF67D311D0D7796004050EE /* sendMail4SController.swift in Sources */,
				3CE4629D1CF43D5E00480502 /* AccountBook+CoreDataProperties.swift in Sources */,
				3C01675E1D069E3C00A13D3C /* FeeTableViewCell.swift in Sources */,
				3C828FE61CF0127A00E9C0DC /* howToUseController.swift in Sources */,
				3C6A8CE21CE59844001527FA /* AppDelegate.swift in Sources */,
				3CE4629A1CF435EF00480502 /* daitaiKakeibo.xcdatamodeld in Sources */,
				3C828FE81CF029FE00E9C0DC /* sendMailController.swift in Sources */,
				3C828FEC1CF02BAF00E9C0DC /* eraseController.swift in Sources */,
				3C828FE41CF0009200E9C0DC /* setteiController.swift in Sources */,
				3C828FEE1CF0589300E9C0DC /* listController.swift in Sources */,
				3CF67D331D0D77B9004050EE /* elase4SController.swift in Sources */,
			);
			runOnlyForDeploymentPostprocessing = 0;
		};
		3C6A8CEE1CE59844001527FA /* Sources */ = {
			isa = PBXSourcesBuildPhase;
			buildActionMask = 2147483647;
			files = (
				3C6A8CF71CE59844001527FA /* daitaiKakeiboTests.swift in Sources */,
			);
			runOnlyForDeploymentPostprocessing = 0;
		};
		3C6A8CF91CE59844001527FA /* Sources */ = {
			isa = PBXSourcesBuildPhase;
			buildActionMask = 2147483647;
			files = (
				3C6A8D021CE59844001527FA /* daitaiKakeiboUITests.swift in Sources */,
			);
			runOnlyForDeploymentPostprocessing = 0;
		};
/* End PBXSourcesBuildPhase section */

/* Begin PBXTargetDependency section */
		3C6A8CF41CE59844001527FA /* PBXTargetDependency */ = {
			isa = PBXTargetDependency;
			target = 3C6A8CDD1CE59844001527FA /* daitaiKakeibo */;
			targetProxy = 3C6A8CF31CE59844001527FA /* PBXContainerItemProxy */;
		};
		3C6A8CFF1CE59844001527FA /* PBXTargetDependency */ = {
			isa = PBXTargetDependency;
			target = 3C6A8CDD1CE59844001527FA /* daitaiKakeibo */;
			targetProxy = 3C6A8CFE1CE59844001527FA /* PBXContainerItemProxy */;
		};
/* End PBXTargetDependency section */

/* Begin PBXVariantGroup section */
		3C6A8CE51CE59844001527FA /* Main.storyboard */ = {
			isa = PBXVariantGroup;
			children = (
				3C6A8CE61CE59844001527FA /* Base */,
			);
			name = Main.storyboard;
			sourceTree = "<group>";
		};
		3C6A8CEA1CE59844001527FA /* LaunchScreen.storyboard */ = {
			isa = PBXVariantGroup;
			children = (
				3C6A8CEB1CE59844001527FA /* Base */,
			);
			name = LaunchScreen.storyboard;
			sourceTree = "<group>";
		};
/* End PBXVariantGroup section */

/* Begin XCBuildConfiguration section */
		3C6A8D041CE59844001527FA /* Debug */ = {
			isa = XCBuildConfiguration;
			buildSettings = {
				ALWAYS_SEARCH_USER_PATHS = NO;
				CLANG_CXX_LANGUAGE_STANDARD = "gnu++0x";
				CLANG_CXX_LIBRARY = "libc++";
				CLANG_ENABLE_MODULES = YES;
				CLANG_ENABLE_OBJC_ARC = YES;
				CLANG_WARN_BOOL_CONVERSION = YES;
				CLANG_WARN_CONSTANT_CONVERSION = YES;
				CLANG_WARN_DIRECT_OBJC_ISA_USAGE = YES_ERROR;
				CLANG_WARN_EMPTY_BODY = YES;
				CLANG_WARN_ENUM_CONVERSION = YES;
				CLANG_WARN_INT_CONVERSION = YES;
				CLANG_WARN_OBJC_ROOT_CLASS = YES_ERROR;
				CLANG_WARN_UNREACHABLE_CODE = YES;
				CLANG_WARN__DUPLICATE_METHOD_MATCH = YES;
				"CODE_SIGN_IDENTITY[sdk=iphoneos*]" = "iPhone Developer";
				COPY_PHASE_STRIP = NO;
				DEBUG_INFORMATION_FORMAT = dwarf;
				ENABLE_STRICT_OBJC_MSGSEND = YES;
				ENABLE_TESTABILITY = YES;
				GCC_C_LANGUAGE_STANDARD = gnu99;
				GCC_DYNAMIC_NO_PIC = NO;
				GCC_NO_COMMON_BLOCKS = YES;
				GCC_OPTIMIZATION_LEVEL = 0;
				GCC_PREPROCESSOR_DEFINITIONS = (
					"DEBUG=1",
					"$(inherited)",
				);
				GCC_WARN_64_TO_32_BIT_CONVERSION = YES;
				GCC_WARN_ABOUT_RETURN_TYPE = YES_ERROR;
				GCC_WARN_UNDECLARED_SELECTOR = YES;
				GCC_WARN_UNINITIALIZED_AUTOS = YES_AGGRESSIVE;
				GCC_WARN_UNUSED_FUNCTION = YES;
				GCC_WARN_UNUSED_VARIABLE = YES;
				IPHONEOS_DEPLOYMENT_TARGET = 9.2;
				MTL_ENABLE_DEBUG_INFO = YES;
				ONLY_ACTIVE_ARCH = YES;
				PROVISIONING_PROFILE = "51633edd-7d70-411f-9812-4c7e80ad480d";
				SDKROOT = iphoneos;
				SWIFT_OPTIMIZATION_LEVEL = "-Onone";
			};
			name = Debug;
		};
		3C6A8D051CE59844001527FA /* Release */ = {
			isa = XCBuildConfiguration;
			buildSettings = {
				ALWAYS_SEARCH_USER_PATHS = NO;
				CLANG_CXX_LANGUAGE_STANDARD = "gnu++0x";
				CLANG_CXX_LIBRARY = "libc++";
				CLANG_ENABLE_MODULES = YES;
				CLANG_ENABLE_OBJC_ARC = YES;
				CLANG_WARN_BOOL_CONVERSION = YES;
				CLANG_WARN_CONSTANT_CONVERSION = YES;
				CLANG_WARN_DIRECT_OBJC_ISA_USAGE = YES_ERROR;
				CLANG_WARN_EMPTY_BODY = YES;
				CLANG_WARN_ENUM_CONVERSION = YES;
				CLANG_WARN_INT_CONVERSION = YES;
				CLANG_WARN_OBJC_ROOT_CLASS = YES_ERROR;
				CLANG_WARN_UNREACHABLE_CODE = YES;
				CLANG_WARN__DUPLICATE_METHOD_MATCH = YES;
				CODE_SIGN_IDENTITY = "iPhone Distribution: Satoshi Hirata (Y63B3HU65B)";
				"CODE_SIGN_IDENTITY[sdk=iphoneos*]" = "iPhone Distribution: Satoshi Hirata (Y63B3HU65B)";
				COPY_PHASE_STRIP = NO;
				DEBUG_INFORMATION_FORMAT = "dwarf-with-dsym";
				ENABLE_NS_ASSERTIONS = NO;
				ENABLE_STRICT_OBJC_MSGSEND = YES;
				GCC_C_LANGUAGE_STANDARD = gnu99;
				GCC_NO_COMMON_BLOCKS = YES;
				GCC_WARN_64_TO_32_BIT_CONVERSION = YES;
				GCC_WARN_ABOUT_RETURN_TYPE = YES_ERROR;
				GCC_WARN_UNDECLARED_SELECTOR = YES;
				GCC_WARN_UNINITIALIZED_AUTOS = YES_AGGRESSIVE;
				GCC_WARN_UNUSED_FUNCTION = YES;
				GCC_WARN_UNUSED_VARIABLE = YES;
				IPHONEOS_DEPLOYMENT_TARGET = 9.2;
				MTL_ENABLE_DEBUG_INFO = NO;
				PROVISIONING_PROFILE = "51633edd-7d70-411f-9812-4c7e80ad480d";
				SDKROOT = iphoneos;
				VALIDATE_PRODUCT = YES;
			};
			name = Release;
		};
		3C6A8D071CE59844001527FA /* Debug */ = {
			isa = XCBuildConfiguration;
			baseConfigurationReference = 1BA9EEBED5283A51A9A7734A /* Pods-daitaiKakeibo.debug.xcconfig */;
			buildSettings = {
				ASSETCATALOG_COMPILER_APPICON_NAME = "AppIcon-1";
				CLANG_ENABLE_MODULES = YES;
				CODE_SIGN_IDENTITY = "iPhone Developer";
				"CODE_SIGN_IDENTITY[sdk=iphoneos*]" = "iPhone Developer";
				FRAMEWORK_SEARCH_PATHS = (
					"$(inherited)",
					"$(PROJECT_DIR)/daitaiKakeibo",
				);
				INFOPLIST_FILE = daitaiKakeibo/Info.plist;
				LD_RUNPATH_SEARCH_PATHS = "$(inherited) @executable_path/Frameworks";
				PRODUCT_BUNDLE_IDENTIFIER = com.satoshiiihirata2.daitaiKakeibo;
				PRODUCT_NAME = "$(TARGET_NAME)";
				PROVISIONING_PROFILE = "51633edd-7d70-411f-9812-4c7e80ad480d";
				SWIFT_OBJC_BRIDGING_HEADER = "daitaiKakeibo/daitaiKakeibo-Bridging-Header.h";
				SWIFT_OPTIMIZATION_LEVEL = "-Onone";
				SWIFT_SWIFT3_OBJC_INFERENCE = On;
				SWIFT_VERSION = 4.0;
			};
			name = Debug;
		};
		3C6A8D081CE59844001527FA /* Release */ = {
			isa = XCBuildConfiguration;
			baseConfigurationReference = F1E4FCC54889391B160EA7CF /* Pods-daitaiKakeibo.release.xcconfig */;
			buildSettings = {
				ASSETCATALOG_COMPILER_APPICON_NAME = "AppIcon-1";
				CLANG_ENABLE_MODULES = YES;
				CODE_SIGN_IDENTITY = "iPhone Distribution: Satoshi Hirata (Y63B3HU65B)";
				"CODE_SIGN_IDENTITY[sdk=iphoneos*]" = "iPhone Distribution: Satoshi Hirata (Y63B3HU65B)";
				FRAMEWORK_SEARCH_PATHS = (
					"$(inherited)",
					"$(PROJECT_DIR)/daitaiKakeibo",
				);
				INFOPLIST_FILE = daitaiKakeibo/Info.plist;
				LD_RUNPATH_SEARCH_PATHS = "$(inherited) @executable_path/Frameworks";
				PRODUCT_BUNDLE_IDENTIFIER = com.satoshiiihirata2.daitaiKakeibo;
				PRODUCT_NAME = "$(TARGET_NAME)";
				PROVISIONING_PROFILE = "51633edd-7d70-411f-9812-4c7e80ad480d";
				SWIFT_OBJC_BRIDGING_HEADER = "daitaiKakeibo/daitaiKakeibo-Bridging-Header.h";
				SWIFT_SWIFT3_OBJC_INFERENCE = On;
				SWIFT_VERSION = 4.0;
			};
			name = Release;
		};
		3C6A8D0A1CE59844001527FA /* Debug */ = {
			isa = XCBuildConfiguration;
			baseConfigurationReference = 2C1902258D5684E6C6FA051C /* Pods-daitaiKakeiboTests.debug.xcconfig */;
			buildSettings = {
				BUNDLE_LOADER = "$(TEST_HOST)";
				CLANG_ENABLE_MODULES = YES;
				INFOPLIST_FILE = daitaiKakeiboTests/Info.plist;
				LD_RUNPATH_SEARCH_PATHS = "$(inherited) @executable_path/Frameworks @loader_path/Frameworks";
				PRODUCT_BUNDLE_IDENTIFIER = com.satoshiii.daitaiKakeiboTests;
				PRODUCT_NAME = "$(TARGET_NAME)";
				SWIFT_OBJC_BRIDGING_HEADER = "daitaiKakeibo/daitaiKakeiboTests-Bridging-Header.h";
				SWIFT_OPTIMIZATION_LEVEL = "-Onone";
				SWIFT_SWIFT3_OBJC_INFERENCE = On;
				SWIFT_VERSION = 4.0;
				TEST_HOST = "$(BUILT_PRODUCTS_DIR)/daitaiKakeibo.app/daitaiKakeibo";
			};
			name = Debug;
		};
		3C6A8D0B1CE59844001527FA /* Release */ = {
			isa = XCBuildConfiguration;
			baseConfigurationReference = 3D1995100CBF3EAC6D0EFA42 /* Pods-daitaiKakeiboTests.release.xcconfig */;
			buildSettings = {
				BUNDLE_LOADER = "$(TEST_HOST)";
				CLANG_ENABLE_MODULES = YES;
				INFOPLIST_FILE = daitaiKakeiboTests/Info.plist;
				LD_RUNPATH_SEARCH_PATHS = "$(inherited) @executable_path/Frameworks @loader_path/Frameworks";
				PRODUCT_BUNDLE_IDENTIFIER = com.satoshiii.daitaiKakeiboTests;
				PRODUCT_NAME = "$(TARGET_NAME)";
				SWIFT_OBJC_BRIDGING_HEADER = "daitaiKakeibo/daitaiKakeiboTests-Bridging-Header.h";
				SWIFT_SWIFT3_OBJC_INFERENCE = On;
				SWIFT_VERSION = 4.0;
				TEST_HOST = "$(BUILT_PRODUCTS_DIR)/daitaiKakeibo.app/daitaiKakeibo";
			};
			name = Release;
		};
		3C6A8D0D1CE59844001527FA /* Debug */ = {
			isa = XCBuildConfiguration;
			baseConfigurationReference = D2BEB3B7AF26F0A148536715 /* Pods-daitaiKakeiboUITests.debug.xcconfig */;
			buildSettings = {
				CLANG_ENABLE_MODULES = YES;
				INFOPLIST_FILE = daitaiKakeiboUITests/Info.plist;
				LD_RUNPATH_SEARCH_PATHS = "$(inherited) @executable_path/Frameworks @loader_path/Frameworks";
				PRODUCT_BUNDLE_IDENTIFIER = com.satoshiii.daitaiKakeiboUITests;
				PRODUCT_NAME = "$(TARGET_NAME)";
				SWIFT_OBJC_BRIDGING_HEADER = "daitaiKakeibo/daitaiKakeiboUITests-Bridging-Header.h";
				SWIFT_OPTIMIZATION_LEVEL = "-Onone";
				SWIFT_SWIFT3_OBJC_INFERENCE = On;
				SWIFT_VERSION = 4.0;
				TEST_TARGET_NAME = daitaiKakeibo;
				USES_XCTRUNNER = YES;
			};
			name = Debug;
		};
		3C6A8D0E1CE59844001527FA /* Release */ = {
			isa = XCBuildConfiguration;
			baseConfigurationReference = 5ED5FE08DB2A7CAEE9D974E0 /* Pods-daitaiKakeiboUITests.release.xcconfig */;
			buildSettings = {
				CLANG_ENABLE_MODULES = YES;
				INFOPLIST_FILE = daitaiKakeiboUITests/Info.plist;
				LD_RUNPATH_SEARCH_PATHS = "$(inherited) @executable_path/Frameworks @loader_path/Frameworks";
				PRODUCT_BUNDLE_IDENTIFIER = com.satoshiii.daitaiKakeiboUITests;
				PRODUCT_NAME = "$(TARGET_NAME)";
				SWIFT_OBJC_BRIDGING_HEADER = "daitaiKakeibo/daitaiKakeiboUITests-Bridging-Header.h";
				SWIFT_SWIFT3_OBJC_INFERENCE = On;
				SWIFT_VERSION = 4.0;
				TEST_TARGET_NAME = daitaiKakeibo;
				USES_XCTRUNNER = YES;
			};
			name = Release;
		};
/* End XCBuildConfiguration section */

/* Begin XCConfigurationList section */
		3C6A8CD91CE59844001527FA /* Build configuration list for PBXProject "daitaiKakeibo" */ = {
			isa = XCConfigurationList;
			buildConfigurations = (
				3C6A8D041CE59844001527FA /* Debug */,
				3C6A8D051CE59844001527FA /* Release */,
			);
			defaultConfigurationIsVisible = 0;
			defaultConfigurationName = Release;
		};
		3C6A8D061CE59844001527FA /* Build configuration list for PBXNativeTarget "daitaiKakeibo" */ = {
			isa = XCConfigurationList;
			buildConfigurations = (
				3C6A8D071CE59844001527FA /* Debug */,
				3C6A8D081CE59844001527FA /* Release */,
			);
			defaultConfigurationIsVisible = 0;
			defaultConfigurationName = Release;
		};
		3C6A8D091CE59844001527FA /* Build configuration list for PBXNativeTarget "daitaiKakeiboTests" */ = {
			isa = XCConfigurationList;
			buildConfigurations = (
				3C6A8D0A1CE59844001527FA /* Debug */,
				3C6A8D0B1CE59844001527FA /* Release */,
			);
			defaultConfigurationIsVisible = 0;
			defaultConfigurationName = Release;
		};
		3C6A8D0C1CE59844001527FA /* Build configuration list for PBXNativeTarget "daitaiKakeiboUITests" */ = {
			isa = XCConfigurationList;
			buildConfigurations = (
				3C6A8D0D1CE59844001527FA /* Debug */,
				3C6A8D0E1CE59844001527FA /* Release */,
			);
			defaultConfigurationIsVisible = 0;
			defaultConfigurationName = Release;
		};
/* End XCConfigurationList section */

/* Begin XCVersionGroup section */
		3CE462981CF435EF00480502 /* daitaiKakeibo.xcdatamodeld */ = {
			isa = XCVersionGroup;
			children = (
				3CE462991CF435EF00480502 /* daitaiKakeibo.xcdatamodel */,
			);
			currentVersion = 3CE462991CF435EF00480502 /* daitaiKakeibo.xcdatamodel */;
			path = daitaiKakeibo.xcdatamodeld;
			sourceTree = "<group>";
			versionGroupType = wrapper.xcdatamodel;
		};
/* End XCVersionGroup section */
	};
	rootObject = 3C6A8CD61CE59844001527FA /* Project object */;
}
